
Microsoft Visual Studio Solution File, Format Version 12.00
# Visual Studio Version 17
VisualStudioVersion = 17.11.35303.130
MinimumVisualStudioVersion = 10.0.40219.1
Project("{FAE04EC0-301F-11D3-BF4B-00C04F79EFBC}") = "GitTaak1_KLEUR-04", "GitTaak1_KLEUR-04\GitTaak1_KLEUR-04.csproj", "{972E8E5D-3BF0-4942-BB00-CF2B20B17C8A}"
EndProject
Global
	GlobalSection(SolutionConfigurationPlatforms) = preSolution
		Debug|Any CPU = Debug|Any CPU
		Release|Any CPU = Release|Any CPU
	EndGlobalSection
	GlobalSection(ProjectConfigurationPlatforms) = postSolution
		{972E8E5D-3BF0-4942-BB00-CF2B20B17C8A}.Debug|Any CPU.ActiveCfg = Debug|Any CPU
		{972E8E5D-3BF0-4942-BB00-CF2B20B17C8A}.Debug|Any CPU.Build.0 = Debug|Any CPU
		{972E8E5D-3BF0-4942-BB00-CF2B20B17C8A}.Release|Any CPU.ActiveCfg = Release|Any CPU
		{972E8E5D-3BF0-4942-BB00-CF2B20B17C8A}.Release|Any CPU.Build.0 = Release|Any CPU
	EndGlobalSection
	GlobalSection(SolutionProperties) = preSolution
		HideSolutionNode = FALSE
	EndGlobalSection
	GlobalSection(ExtensibilityGlobals) = postSolution
		SolutionGuid = {D9B9A8A6-DE33-4B7C-83C5-00A1165C04CC}
	EndGlobalSection
EndGlobal
