
Microsoft Visual Studio Solution File, Format Version 12.00
# Visual Studio Version 17
VisualStudioVersion = 17.11.35303.130
MinimumVisualStudioVersion = 10.0.40219.1
Project("{FAE04EC0-301F-11D3-BF4B-00C04F79EFBC}") = "GitTaak1_KLEUR-02", "GitTaak1_KLEUR-02\GitTaak1_KLEUR-02.csproj", "{503A907C-3C97-4ED1-BEE7-19C0D1482835}"
EndProject
Global
	GlobalSection(SolutionConfigurationPlatforms) = preSolution
		Debug|Any CPU = Debug|Any CPU
		Release|Any CPU = Release|Any CPU
	EndGlobalSection
	GlobalSection(ProjectConfigurationPlatforms) = postSolution
		{503A907C-3C97-4ED1-BEE7-19C0D1482835}.Debug|Any CPU.ActiveCfg = Debug|Any CPU
		{503A907C-3C97-4ED1-BEE7-19C0D1482835}.Debug|Any CPU.Build.0 = Debug|Any CPU
		{503A907C-3C97-4ED1-BEE7-19C0D1482835}.Release|Any CPU.ActiveCfg = Release|Any CPU
		{503A907C-3C97-4ED1-BEE7-19C0D1482835}.Release|Any CPU.Build.0 = Release|Any CPU
	EndGlobalSection
	GlobalSection(SolutionProperties) = preSolution
		HideSolutionNode = FALSE
	EndGlobalSection
	GlobalSection(ExtensibilityGlobals) = postSolution
		SolutionGuid = {214AEFF2-96F1-4CC6-AB2D-E205C234D147}
	EndGlobalSection
EndGlobal
